
Microsoft Visual Studio Solution File, Format Version 12.00
# Visual Studio Version 17
VisualStudioVersion = 17.11.35327.3
MinimumVisualStudioVersion = 10.0.40219.1
Project("{D2ABAB84-BF74-430A-B69E-9DC6D40DDA17}") = "global_superstore_ssas", "global_superstore_ssas\global_superstore_ssas.dwproj", "{1F64C3B0-7D37-47DE-AF65-9DD66FBE02B1}"
EndProject
Global
	GlobalSection(SolutionConfigurationPlatforms) = preSolution
		Development|Default = Development|Default
	EndGlobalSection
	GlobalSection(ProjectConfigurationPlatforms) = postSolution
		{1F64C3B0-7D37-47DE-AF65-9DD66FBE02B1}.Development|Default.ActiveCfg = Development
		{1F64C3B0-7D37-47DE-AF65-9DD66FBE02B1}.Development|Default.Build.0 = Development
		{1F64C3B0-7D37-47DE-AF65-9DD66FBE02B1}.Development|Default.Deploy.0 = Development
	EndGlobalSection
	GlobalSection(SolutionProperties) = preSolution
		HideSolutionNode = FALSE
	EndGlobalSection
	GlobalSection(ExtensibilityGlobals) = postSolution
		SolutionGuid = {3411CAF5-4249-441D-8BB8-3037B286EDFE}
	EndGlobalSection
EndGlobal
